
Microsoft Visual Studio Solution File, Format Version 12.00
# Visual Studio 2012
Project("{FAE04EC0-301F-11D3-BF4B-00C04F79EFBC}") = "PGCodeReader", "PGCodeReader\PGCodeReader.csproj", "{C6B66054-0662-4AD5-B566-87A87F5988A2}"
EndProject
Project("{FAE04EC0-301F-11D3-BF4B-00C04F79EFBC}") = "PGCodeReader.iOS", "iOS\PGCodeReader.iOS.csproj", "{7B3CE888-4767-46CC-BF59-E7B6ADF10CF8}"
EndProject
Project("{FAE04EC0-301F-11D3-BF4B-00C04F79EFBC}") = "RnOCRBinding", "RnOCRBinding\RnOCRBinding.csproj", "{27AF5B24-4FC1-450E-A968-2A95B41BF621}"
EndProject
Global
	GlobalSection(SolutionConfigurationPlatforms) = preSolution
		Debug|Any CPU = Debug|Any CPU
		Release|Any CPU = Release|Any CPU
		Debug|iPhoneSimulator = Debug|iPhoneSimulator
		Release|iPhone = Release|iPhone
		Release|iPhoneSimulator = Release|iPhoneSimulator
		Debug|iPhone = Debug|iPhone
	EndGlobalSection
	GlobalSection(ProjectConfigurationPlatforms) = postSolution
		{C6B66054-0662-4AD5-B566-87A87F5988A2}.Debug|Any CPU.ActiveCfg = Debug|Any CPU
		{C6B66054-0662-4AD5-B566-87A87F5988A2}.Debug|Any CPU.Build.0 = Debug|Any CPU
		{C6B66054-0662-4AD5-B566-87A87F5988A2}.Release|Any CPU.ActiveCfg = Release|Any CPU
		{C6B66054-0662-4AD5-B566-87A87F5988A2}.Release|Any CPU.Build.0 = Release|Any CPU
		{C6B66054-0662-4AD5-B566-87A87F5988A2}.Debug|iPhoneSimulator.ActiveCfg = Debug|Any CPU
		{C6B66054-0662-4AD5-B566-87A87F5988A2}.Debug|iPhoneSimulator.Build.0 = Debug|Any CPU
		{C6B66054-0662-4AD5-B566-87A87F5988A2}.Release|iPhone.ActiveCfg = Release|Any CPU
		{C6B66054-0662-4AD5-B566-87A87F5988A2}.Release|iPhone.Build.0 = Release|Any CPU
		{C6B66054-0662-4AD5-B566-87A87F5988A2}.Release|iPhoneSimulator.ActiveCfg = Release|Any CPU
		{C6B66054-0662-4AD5-B566-87A87F5988A2}.Release|iPhoneSimulator.Build.0 = Release|Any CPU
		{C6B66054-0662-4AD5-B566-87A87F5988A2}.Debug|iPhone.ActiveCfg = Debug|Any CPU
		{C6B66054-0662-4AD5-B566-87A87F5988A2}.Debug|iPhone.Build.0 = Debug|Any CPU
		{7B3CE888-4767-46CC-BF59-E7B6ADF10CF8}.Debug|Any CPU.ActiveCfg = Debug|iPhoneSimulator
		{7B3CE888-4767-46CC-BF59-E7B6ADF10CF8}.Debug|Any CPU.Build.0 = Debug|iPhoneSimulator
		{7B3CE888-4767-46CC-BF59-E7B6ADF10CF8}.Release|Any CPU.ActiveCfg = Release|iPhone
		{7B3CE888-4767-46CC-BF59-E7B6ADF10CF8}.Release|Any CPU.Build.0 = Release|iPhone
		{7B3CE888-4767-46CC-BF59-E7B6ADF10CF8}.Debug|iPhoneSimulator.ActiveCfg = Debug|iPhoneSimulator
		{7B3CE888-4767-46CC-BF59-E7B6ADF10CF8}.Debug|iPhoneSimulator.Build.0 = Debug|iPhoneSimulator
		{7B3CE888-4767-46CC-BF59-E7B6ADF10CF8}.Release|iPhone.ActiveCfg = Release|iPhone
		{7B3CE888-4767-46CC-BF59-E7B6ADF10CF8}.Release|iPhone.Build.0 = Release|iPhone
		{7B3CE888-4767-46CC-BF59-E7B6ADF10CF8}.Release|iPhoneSimulator.ActiveCfg = Release|iPhoneSimulator
		{7B3CE888-4767-46CC-BF59-E7B6ADF10CF8}.Release|iPhoneSimulator.Build.0 = Release|iPhoneSimulator
		{7B3CE888-4767-46CC-BF59-E7B6ADF10CF8}.Debug|iPhone.ActiveCfg = Debug|iPhone
		{7B3CE888-4767-46CC-BF59-E7B6ADF10CF8}.Debug|iPhone.Build.0 = Debug|iPhone
		{27AF5B24-4FC1-450E-A968-2A95B41BF621}.Debug|Any CPU.ActiveCfg = Debug|Any CPU
		{27AF5B24-4FC1-450E-A968-2A95B41BF621}.Debug|Any CPU.Build.0 = Debug|Any CPU
		{27AF5B24-4FC1-450E-A968-2A95B41BF621}.Release|Any CPU.ActiveCfg = Release|Any CPU
		{27AF5B24-4FC1-450E-A968-2A95B41BF621}.Release|Any CPU.Build.0 = Release|Any CPU
		{27AF5B24-4FC1-450E-A968-2A95B41BF621}.Debug|iPhoneSimulator.ActiveCfg = Debug|Any CPU
		{27AF5B24-4FC1-450E-A968-2A95B41BF621}.Debug|iPhoneSimulator.Build.0 = Debug|Any CPU
		{27AF5B24-4FC1-450E-A968-2A95B41BF621}.Release|iPhone.ActiveCfg = Release|Any CPU
		{27AF5B24-4FC1-450E-A968-2A95B41BF621}.Release|iPhone.Build.0 = Release|Any CPU
		{27AF5B24-4FC1-450E-A968-2A95B41BF621}.Release|iPhoneSimulator.ActiveCfg = Release|Any CPU
		{27AF5B24-4FC1-450E-A968-2A95B41BF621}.Release|iPhoneSimulator.Build.0 = Release|Any CPU
		{27AF5B24-4FC1-450E-A968-2A95B41BF621}.Debug|iPhone.ActiveCfg = Debug|Any CPU
		{27AF5B24-4FC1-450E-A968-2A95B41BF621}.Debug|iPhone.Build.0 = Debug|Any CPU
	EndGlobalSection
	GlobalSection(MonoDevelopProperties) = preSolution
		Policies = $0
		$0.DotNetNamingPolicy = $1
		$1.DirectoryNamespaceAssociation = None
		$1.ResourceNamePolicy = FileFormatDefault
	EndGlobalSection
EndGlobal
