<?xml version="1.0" encoding="utf-8"?>
<Project ToolsVersion="4.0" xmlns="http://schemas.microsoft.com/developer/msbuild/2003">
  <ItemGroup>
    <Filter Include="Source Files">
      <UniqueIdentifier>{df2a330b-7fee-4a02-81b4-f4dd089ae7c2}</UniqueIdentifier>
      <Extensions>cpp;c;cxx;rc;def;r;odl;idl;hpj;bat</Extensions>
    </Filter>
    <Filter Include="Header Files">
      <UniqueIdentifier>{acc9d59c-3822-43b1-bf4b-ca09e0170615}</UniqueIdentifier>
      <Extensions>h;hpp;hxx;hm;inl</Extensions>
    </Filter>
    <Filter Include="Resource Files">
      <UniqueIdentifier>{4bae846f-52e9-40f1-80b2-df4cc316a17b}</UniqueIdentifier>
      <Extensions>ico;cur;bmp;dlg;rc2;rct;bin;rgs;gif;jpg;jpeg;jpe</Extensions>
    </Filter>
    <Filter Include="Baseclass">
      <UniqueIdentifier>{227cea30-6766-4c26-a262-58d3430c329a}</UniqueIdentifier>
    </Filter>
  </ItemGroup>
  <ItemGroup>
    <ClCompile Include="others\DirDialog.cpp">
      <Filter>Source Files</Filter>
    </ClCompile>
    <ClCompile Include="others\ImageDoc.cpp">
      <Filter>Source Files</Filter>
    </ClCompile>
    <ClCompile Include="others\ImageFrame.cpp">
      <Filter>Source Files</Filter>
    </ClCompile>
    <ClCompile Include="others\ImageView.cpp">
      <Filter>Source Files</Filter>
    </ClCompile>
    <ClCompile Include="others\MainFrame.cpp">
      <Filter>Source Files</Filter>
    </ClCompile>
    <ClCompile Include="others\MainToolBar.cpp">
      <Filter>Source Files</Filter>
    </ClCompile>
    <ClCompile Include="others\ResultView.cpp">
      <Filter>Source Files</Filter>
    </ClCompile>
    <ClCompile Include="others\StdAfx.cpp">
      <Filter>Source Files</Filter>
    </ClCompile>
    <ClCompile Include="others\Test.cpp">
      <Filter>Source Files</Filter>
    </ClCompile>
    <ClCompile Include="others\ToolBarEx.cpp">
      <Filter>Source Files</Filter>
    </ClCompile>
    <ClCompile Include="BaseClass\ImageBase.cpp">
      <Filter>Baseclass</Filter>
    </ClCompile>
    <ClCompile Include="BaseClass\ImageIO.cpp">
      <Filter>Baseclass</Filter>
    </ClCompile>
  </ItemGroup>
  <ItemGroup>
    <ResourceCompile Include="Test.rc">
      <Filter>Source Files</Filter>
    </ResourceCompile>
  </ItemGroup>
  <ItemGroup>
    <ClInclude Include="others\DirDialog.h">
      <Filter>Header Files</Filter>
    </ClInclude>
    <ClInclude Include="others\ImageDoc.h">
      <Filter>Header Files</Filter>
    </ClInclude>
    <ClInclude Include="others\ImageFrame.h">
      <Filter>Header Files</Filter>
    </ClInclude>
    <ClInclude Include="others\ImageView.h">
      <Filter>Header Files</Filter>
    </ClInclude>
    <ClInclude Include="others\MainFrame.h">
      <Filter>Header Files</Filter>
    </ClInclude>
    <ClInclude Include="others\MainToolBar.h">
      <Filter>Header Files</Filter>
    </ClInclude>
    <ClInclude Include="others\resource.h">
      <Filter>Header Files</Filter>
    </ClInclude>
    <ClInclude Include="resource.h">
      <Filter>Header Files</Filter>
    </ClInclude>
    <ClInclude Include="others\ResultView.h">
      <Filter>Header Files</Filter>
    </ClInclude>
    <ClInclude Include="others\StdAfx.h">
      <Filter>Header Files</Filter>
    </ClInclude>
    <ClInclude Include="others\Test.h">
      <Filter>Header Files</Filter>
    </ClInclude>
    <ClInclude Include="others\ToolBarEx.h">
      <Filter>Header Files</Filter>
    </ClInclude>
    <ClInclude Include="BaseClass\ImageBase.h">
      <Filter>Baseclass</Filter>
    </ClInclude>
    <ClInclude Include="BaseClass\ImageIO.h">
      <Filter>Baseclass</Filter>
    </ClInclude>
  </ItemGroup>
  <ItemGroup>
    <None Include="res\ImageDoc.ico">
      <Filter>Resource Files</Filter>
    </None>
    <None Include="res\recog_da.bin">
      <Filter>Resource Files</Filter>
    </None>
    <None Include="res\Test.ico">
      <Filter>Resource Files</Filter>
    </None>
    <None Include="res\Test.rc2">
      <Filter>Resource Files</Filter>
    </None>
    <None Include="res\Toolbar.bmp">
      <Filter>Resource Files</Filter>
    </None>
    <None Include="res\toolbar1.bmp">
      <Filter>Resource Files</Filter>
    </None>
    <None Include="ReadMe.txt" />
  </ItemGroup>
</Project>